
Microsoft Visual Studio Solution File, Format Version 12.00
# Visual Studio Version 17
VisualStudioVersion = 17.4.33213.308
MinimumVisualStudioVersion = 10.0.40219.1
Project("{FAE04EC0-301F-11D3-BF4B-00C04F79EFBC}") = "Pacman V1", "Pacman V1\Pacman V1.csproj", "{B70EB1B7-8057-4EE0-92DB-F0EA13E37457}"
EndProject
Global
	GlobalSection(SolutionConfigurationPlatforms) = preSolution
		Debug|Any CPU = Debug|Any CPU
		Release|Any CPU = Release|Any CPU
	EndGlobalSection
	GlobalSection(ProjectConfigurationPlatforms) = postSolution
		{B70EB1B7-8057-4EE0-92DB-F0EA13E37457}.Debug|Any CPU.ActiveCfg = Debug|Any CPU
		{B70EB1B7-8057-4EE0-92DB-F0EA13E37457}.Debug|Any CPU.Build.0 = Debug|Any CPU
		{B70EB1B7-8057-4EE0-92DB-F0EA13E37457}.Release|Any CPU.ActiveCfg = Release|Any CPU
		{B70EB1B7-8057-4EE0-92DB-F0EA13E37457}.Release|Any CPU.Build.0 = Release|Any CPU
	EndGlobalSection
	GlobalSection(SolutionProperties) = preSolution
		HideSolutionNode = FALSE
	EndGlobalSection
	GlobalSection(ExtensibilityGlobals) = postSolution
		SolutionGuid = {101634CD-5CB7-4532-B540-10416F302D6F}
	EndGlobalSection
EndGlobal
